
Microsoft Visual Studio Solution File, Format Version 12.00
# Visual Studio Version 17
VisualStudioVersion = 17.14.36310.24
MinimumVisualStudioVersion = 10.0.40219.1
Project("{FAE04EC0-301F-11D3-BF4B-00C04F79EFBC}") = "EAA", "EAA\EAA.csproj", "{921D55C1-691F-45D5-A73E-D9296C5303AA}"
EndProject
Project("{FAE04EC0-301F-11D3-BF4B-00C04F79EFBC}") = "EAA.Application", "EAA.Application\EAA.Application.csproj", "{66ABD71D-3378-4FDF-A810-F58393B904DC}"
EndProject
Project("{FAE04EC0-301F-11D3-BF4B-00C04F79EFBC}") = "EAA.Services", "EAA.Services\EAA.Services.csproj", "{EC6567CE-5131-4521-8ED6-0EEE2146F046}"
EndProject
Project("{FAE04EC0-301F-11D3-BF4B-00C04F79EFBC}") = "EAA.Domain", "EAA.Domain\EAA.Domain.csproj", "{79209DBC-8F2A-40B6-81D7-145B24930699}"
EndProject
Project("{FAE04EC0-301F-11D3-BF4B-00C04F79EFBC}") = "EAA.Infrastructure", "EAA.Infrastructure\EAA.Infrastructure.csproj", "{B880CF11-1312-4E0D-A110-DD54D8856032}"
EndProject
Global
	GlobalSection(SolutionConfigurationPlatforms) = preSolution
		Debug|Any CPU = Debug|Any CPU
		Release|Any CPU = Release|Any CPU
	EndGlobalSection
	GlobalSection(ProjectConfigurationPlatforms) = postSolution
		{921D55C1-691F-45D5-A73E-D9296C5303AA}.Debug|Any CPU.ActiveCfg = Debug|Any CPU
		{921D55C1-691F-45D5-A73E-D9296C5303AA}.Debug|Any CPU.Build.0 = Debug|Any CPU
		{921D55C1-691F-45D5-A73E-D9296C5303AA}.Release|Any CPU.ActiveCfg = Release|Any CPU
		{921D55C1-691F-45D5-A73E-D9296C5303AA}.Release|Any CPU.Build.0 = Release|Any CPU
		{66ABD71D-3378-4FDF-A810-F58393B904DC}.Debug|Any CPU.ActiveCfg = Debug|Any CPU
		{66ABD71D-3378-4FDF-A810-F58393B904DC}.Debug|Any CPU.Build.0 = Debug|Any CPU
		{66ABD71D-3378-4FDF-A810-F58393B904DC}.Release|Any CPU.ActiveCfg = Release|Any CPU
		{66ABD71D-3378-4FDF-A810-F58393B904DC}.Release|Any CPU.Build.0 = Release|Any CPU
		{EC6567CE-5131-4521-8ED6-0EEE2146F046}.Debug|Any CPU.ActiveCfg = Debug|Any CPU
		{EC6567CE-5131-4521-8ED6-0EEE2146F046}.Debug|Any CPU.Build.0 = Debug|Any CPU
		{EC6567CE-5131-4521-8ED6-0EEE2146F046}.Release|Any CPU.ActiveCfg = Release|Any CPU
		{EC6567CE-5131-4521-8ED6-0EEE2146F046}.Release|Any CPU.Build.0 = Release|Any CPU
		{79209DBC-8F2A-40B6-81D7-145B24930699}.Debug|Any CPU.ActiveCfg = Debug|Any CPU
		{79209DBC-8F2A-40B6-81D7-145B24930699}.Debug|Any CPU.Build.0 = Debug|Any CPU
		{79209DBC-8F2A-40B6-81D7-145B24930699}.Release|Any CPU.ActiveCfg = Release|Any CPU
		{79209DBC-8F2A-40B6-81D7-145B24930699}.Release|Any CPU.Build.0 = Release|Any CPU
		{B880CF11-1312-4E0D-A110-DD54D8856032}.Debug|Any CPU.ActiveCfg = Debug|Any CPU
		{B880CF11-1312-4E0D-A110-DD54D8856032}.Debug|Any CPU.Build.0 = Debug|Any CPU
		{B880CF11-1312-4E0D-A110-DD54D8856032}.Release|Any CPU.ActiveCfg = Release|Any CPU
		{B880CF11-1312-4E0D-A110-DD54D8856032}.Release|Any CPU.Build.0 = Release|Any CPU
	EndGlobalSection
	GlobalSection(SolutionProperties) = preSolution
		HideSolutionNode = FALSE
	EndGlobalSection
	GlobalSection(ExtensibilityGlobals) = postSolution
		SolutionGuid = {D6FEA6B5-B340-4139-9AC2-5BD7CFD11776}
	EndGlobalSection
EndGlobal
